
Microsoft Visual Studio Solution File, Format Version 12.00
# Visual Studio Version 17
VisualStudioVersion = 17.9.34723.18
MinimumVisualStudioVersion = 10.0.40219.1
Project("{FAE04EC0-301F-11D3-BF4B-00C04F79EFBC}") = "TYPSA.SharedLibExcel", "TYPSA.SharedLibExcel.csproj", "{FF31B661-8CE6-420F-8720-F077B273E9C6}"
EndProject
Global
	GlobalSection(SolutionConfigurationPlatforms) = preSolution
		Debug|Any CPU = Debug|Any CPU
		Release|Any CPU = Release|Any CPU
	EndGlobalSection
	GlobalSection(ProjectConfigurationPlatforms) = postSolution
		{FF31B661-8CE6-420F-8720-F077B273E9C6}.Debug|Any CPU.ActiveCfg = Debug|Any CPU
		{FF31B661-8CE6-420F-8720-F077B273E9C6}.Debug|Any CPU.Build.0 = Debug|Any CPU
		{FF31B661-8CE6-420F-8720-F077B273E9C6}.Release|Any CPU.ActiveCfg = Release|Any CPU
		{FF31B661-8CE6-420F-8720-F077B273E9C6}.Release|Any CPU.Build.0 = Release|Any CPU
	EndGlobalSection
	GlobalSection(SolutionProperties) = preSolution
		HideSolutionNode = FALSE
	EndGlobalSection
	GlobalSection(ExtensibilityGlobals) = postSolution
		SolutionGuid = {6118F97C-9E04-4048-9224-4DC24A5666F0}
	EndGlobalSection
EndGlobal
